
Microsoft Visual Studio Solution File, Format Version 12.00
# Visual Studio Version 17
VisualStudioVersion = 17.13.35806.99 d17.13
MinimumVisualStudioVersion = 10.0.40219.1
Project("{FAE04EC0-301F-11D3-BF4B-00C04F79EFBC}") = "GuessNumberGame", "GuessNumberGame\GuessNumberGame.csproj", "{24E8D22F-CE30-46AD-AD9B-8E509B86FFE2}"
EndProject
Project("{FAE04EC0-301F-11D3-BF4B-00C04F79EFBC}") = "GuessNumberGame.Tests", "GuessNumberGame.Tests\GuessNumberGame.Tests.csproj", "{109A381C-6BB0-4E0D-8312-7F36B1DCF240}"
EndProject
Global
	GlobalSection(SolutionConfigurationPlatforms) = preSolution
		Debug|Any CPU = Debug|Any CPU
		Release|Any CPU = Release|Any CPU
	EndGlobalSection
	GlobalSection(ProjectConfigurationPlatforms) = postSolution
		{24E8D22F-CE30-46AD-AD9B-8E509B86FFE2}.Debug|Any CPU.ActiveCfg = Debug|Any CPU
		{24E8D22F-CE30-46AD-AD9B-8E509B86FFE2}.Debug|Any CPU.Build.0 = Debug|Any CPU
		{24E8D22F-CE30-46AD-AD9B-8E509B86FFE2}.Release|Any CPU.ActiveCfg = Release|Any CPU
		{24E8D22F-CE30-46AD-AD9B-8E509B86FFE2}.Release|Any CPU.Build.0 = Release|Any CPU
		{109A381C-6BB0-4E0D-8312-7F36B1DCF240}.Debug|Any CPU.ActiveCfg = Debug|Any CPU
		{109A381C-6BB0-4E0D-8312-7F36B1DCF240}.Debug|Any CPU.Build.0 = Debug|Any CPU
		{109A381C-6BB0-4E0D-8312-7F36B1DCF240}.Release|Any CPU.ActiveCfg = Release|Any CPU
		{109A381C-6BB0-4E0D-8312-7F36B1DCF240}.Release|Any CPU.Build.0 = Release|Any CPU
	EndGlobalSection
	GlobalSection(SolutionProperties) = preSolution
		HideSolutionNode = FALSE
	EndGlobalSection
	GlobalSection(ExtensibilityGlobals) = postSolution
		SolutionGuid = {FDD7C9CA-438A-4B36-91AD-36B184639C4A}
	EndGlobalSection
EndGlobal
